// !$*UTF8*$!
{
	archiveVersion = 1;
	classes = {
	};
	objectVersion = 56;
	objects = {

/* Begin PBXBuildFile section */
		27D4FB50295674BE00D24141 /* LittleLemonDinnerMenuApp.swift in Sources */ = {isa = PBXBuildFile; fileRef = 27D4FB4F295674BE00D24141 /* LittleLemonDinnerMenuApp.swift */; };
		27D4FB52295674BE00D24141 /* ContentView.swift in Sources */ = {isa = PBXBuildFile; fileRef = 27D4FB51295674BE00D24141 /* ContentView.swift */; };
		27D4FB54295674BF00D24141 /* Assets.xcassets in Resources */ = {isa = PBXBuildFile; fileRef = 27D4FB53295674BF00D24141 /* Assets.xcassets */; };
		27D4FB57295674BF00D24141 /* Preview Assets.xcassets in Resources */ = {isa = PBXBuildFile; fileRef = 27D4FB56295674BF00D24141 /* Preview Assets.xcassets */; };
		27D4FB61295674BF00D24141 /* LittleLemonDinnerMenuTests.swift in Sources */ = {isa = PBXBuildFile; fileRef = 27D4FB60295674BF00D24141 /* LittleLemonDinnerMenuTests.swift */; };
		27D4FB6B295674BF00D24141 /* LittleLemonDinnerMenuUITests.swift in Sources */ = {isa = PBXBuildFile; fileRef = 27D4FB6A295674BF00D24141 /* LittleLemonDinnerMenuUITests.swift */; };
		27D4FB6D295674BF00D24141 /* LittleLemonDinnerMenuUITestsLaunchTests.swift in Sources */ = {isa = PBXBuildFile; fileRef = 27D4FB6C295674BF00D24141 /* LittleLemonDinnerMenuUITestsLaunchTests.swift */; };
		27D4FB7A2956752C00D24141 /* MenuItemsView.swift in Sources */ = {isa = PBXBuildFile; fileRef = 27D4FB792956752C00D24141 /* MenuItemsView.swift */; };
		27D4FB7D2956755400D24141 /* MenuItemsOptionView.swift in Sources */ = {isa = PBXBuildFile; fileRef = 27D4FB7C2956755400D24141 /* MenuItemsOptionView.swift */; };
		27D4FB7F2956755E00D24141 /* MenuItemDetailsView.swift in Sources */ = {isa = PBXBuildFile; fileRef = 27D4FB7E2956755E00D24141 /* MenuItemDetailsView.swift */; };
		27D4FB8129567F3200D24141 /* MenuCategory.swift in Sources */ = {isa = PBXBuildFile; fileRef = 27D4FB8029567F3200D24141 /* MenuCategory.swift */; };
		27D4FB8329567F7A00D24141 /* Ingredient.swift in Sources */ = {isa = PBXBuildFile; fileRef = 27D4FB8229567F7A00D24141 /* Ingredient.swift */; };
		27D4FB852956805700D24141 /* MenuItem.swift in Sources */ = {isa = PBXBuildFile; fileRef = 27D4FB842956805700D24141 /* MenuItem.swift */; };
		27D4FB892956814F00D24141 /* MenuViewModel.swift in Sources */ = {isa = PBXBuildFile; fileRef = 27D4FB882956814F00D24141 /* MenuViewModel.swift */; };
		27D4FB8B29568D6800D24141 /* SortMenuItems.swift in Sources */ = {isa = PBXBuildFile; fileRef = 27D4FB8A29568D6800D24141 /* SortMenuItems.swift */; };
/* End PBXBuildFile section */

/* Begin PBXContainerItemProxy section */
		27D4FB5D295674BF00D24141 /* PBXContainerItemProxy */ = {
			isa = PBXContainerItemProxy;
			containerPortal = 27D4FB44295674BD00D24141 /* Project object */;
			proxyType = 1;
			remoteGlobalIDString = 27D4FB4B295674BE00D24141;
			remoteInfo = LittleLemonDinnerMenu;
		};
		27D4FB67295674BF00D24141 /* PBXContainerItemProxy */ = {
			isa = PBXContainerItemProxy;
			containerPortal = 27D4FB44295674BD00D24141 /* Project object */;
			proxyType = 1;
			remoteGlobalIDString = 27D4FB4B295674BE00D24141;
			remoteInfo = LittleLemonDinnerMenu;
		};
/* End PBXContainerItemProxy section */

/* Begin PBXFileReference section */
		27D4FB4C295674BE00D24141 /* LittleLemonDinnerMenu.app */ = {isa = PBXFileReference; explicitFileType = wrapper.application; includeInIndex = 0; path = LittleLemonDinnerMenu.app; sourceTree = BUILT_PRODUCTS_DIR; };
		27D4FB4F295674BE00D24141 /* LittleLemonDinnerMenuApp.swift */ = {isa = PBXFileReference; lastKnownFileType = sourcecode.swift; path = LittleLemonDinnerMenuApp.swift; sourceTree = "<group>"; };
		27D4FB51295674BE00D24141 /* ContentView.swift */ = {isa = PBXFileReference; lastKnownFileType = sourcecode.swift; path = ContentView.swift; sourceTree = "<group>"; };
		27D4FB53295674BF00D24141 /* Assets.xcassets */ = {isa = PBXFileReference; lastKnownFileType = folder.assetcatalog; path = Assets.xcassets; sourceTree = "<group>"; };
		27D4FB56295674BF00D24141 /* Preview Assets.xcassets */ = {isa = PBXFileReference; lastKnownFileType = folder.assetcatalog; path = "Preview Assets.xcassets"; sourceTree = "<group>"; };
		27D4FB5C295674BF00D24141 /* LittleLemonDinnerMenuTests.xctest */ = {isa = PBXFileReference; explicitFileType = wrapper.cfbundle; includeInIndex = 0; path = LittleLemonDinnerMenuTests.xctest; sourceTree = BUILT_PRODUCTS_DIR; };
		27D4FB60295674BF00D24141 /* LittleLemonDinnerMenuTests.swift */ = {isa = PBXFileReference; lastKnownFileType = sourcecode.swift; path = LittleLemonDinnerMenuTests.swift; sourceTree = "<group>"; };
		27D4FB66295674BF00D24141 /* LittleLemonDinnerMenuUITests.xctest */ = {isa = PBXFileReference; explicitFileType = wrapper.cfbundle; includeInIndex = 0; path = LittleLemonDinnerMenuUITests.xctest; sourceTree = BUILT_PRODUCTS_DIR; };
		27D4FB6A295674BF00D24141 /* LittleLemonDinnerMenuUITests.swift */ = {isa = PBXFileReference; lastKnownFileType = sourcecode.swift; path = LittleLemonDinnerMenuUITests.swift; sourceTree = "<group>"; };
		27D4FB6C295674BF00D24141 /* LittleLemonDinnerMenuUITestsLaunchTests.swift */ = {isa = PBXFileReference; lastKnownFileType = sourcecode.swift; path = LittleLemonDinnerMenuUITestsLaunchTests.swift; sourceTree = "<group>"; };
		27D4FB792956752C00D24141 /* MenuItemsView.swift */ = {isa = PBXFileReference; lastKnownFileType = sourcecode.swift; path = MenuItemsView.swift; sourceTree = "<group>"; };
		27D4FB7C2956755400D24141 /* MenuItemsOptionView.swift */ = {isa = PBXFileReference; lastKnownFileType = sourcecode.swift; path = MenuItemsOptionView.swift; sourceTree = "<group>"; };
		27D4FB7E2956755E00D24141 /* MenuItemDetailsView.swift */ = {isa = PBXFileReference; lastKnownFileType = sourcecode.swift; path = MenuItemDetailsView.swift; sourceTree = "<group>"; };
		27D4FB8029567F3200D24141 /* MenuCategory.swift */ = {isa = PBXFileReference; lastKnownFileType = sourcecode.swift; path = MenuCategory.swift; sourceTree = "<group>"; };
		27D4FB8229567F7A00D24141 /* Ingredient.swift */ = {isa = PBXFileReference; lastKnownFileType = sourcecode.swift; path = Ingredient.swift; sourceTree = "<group>"; };
		27D4FB842956805700D24141 /* MenuItem.swift */ = {isa = PBXFileReference; lastKnownFileType = sourcecode.swift; path = MenuItem.swift; sourceTree = "<group>"; };
		27D4FB882956814F00D24141 /* MenuViewModel.swift */ = {isa = PBXFileReference; lastKnownFileType = sourcecode.swift; path = MenuViewModel.swift; sourceTree = "<group>"; };
		27D4FB8A29568D6800D24141 /* SortMenuItems.swift */ = {isa = PBXFileReference; lastKnownFileType = sourcecode.swift; path = SortMenuItems.swift; sourceTree = "<group>"; };
/* End PBXFileReference section */

/* Begin PBXFrameworksBuildPhase section */
		27D4FB49295674BE00D24141 /* Frameworks */ = {
			isa = PBXFrameworksBuildPhase;
			buildActionMask = 2147483647;
			files = (
			);
			runOnlyForDeploymentPostprocessing = 0;
		};
		27D4FB59295674BF00D24141 /* Frameworks */ = {
			isa = PBXFrameworksBuildPhase;
			buildActionMask = 2147483647;
			files = (
			);
			runOnlyForDeploymentPostprocessing = 0;
		};
		27D4FB63295674BF00D24141 /* Frameworks */ = {
			isa = PBXFrameworksBuildPhase;
			buildActionMask = 2147483647;
			files = (
			);
			runOnlyForDeploymentPostprocessing = 0;
		};
/* End PBXFrameworksBuildPhase section */

/* Begin PBXGroup section */
		27D4FB43295674BD00D24141 = {
			isa = PBXGroup;
			children = (
				27D4FB4E295674BE00D24141 /* LittleLemonDinnerMenu */,
				27D4FB5F295674BF00D24141 /* LittleLemonDinnerMenuTests */,
				27D4FB69295674BF00D24141 /* LittleLemonDinnerMenuUITests */,
				27D4FB4D295674BE00D24141 /* Products */,
			);
			sourceTree = "<group>";
		};
		27D4FB4D295674BE00D24141 /* Products */ = {
			isa = PBXGroup;
			children = (
				27D4FB4C295674BE00D24141 /* LittleLemonDinnerMenu.app */,
				27D4FB5C295674BF00D24141 /* LittleLemonDinnerMenuTests.xctest */,
				27D4FB66295674BF00D24141 /* LittleLemonDinnerMenuUITests.xctest */,
			);
			name = Products;
			sourceTree = "<group>";
		};
		27D4FB4E295674BE00D24141 /* LittleLemonDinnerMenu */ = {
			isa = PBXGroup;
			children = (
				27D4FB4F295674BE00D24141 /* LittleLemonDinnerMenuApp.swift */,
				27D4FB8C2956B6FA00D24141 /* Models */,
				27D4FB7B2956753100D24141 /* Views */,
				27D4FB53295674BF00D24141 /* Assets.xcassets */,
				27D4FB55295674BF00D24141 /* Preview Content */,
			);
			path = LittleLemonDinnerMenu;
			sourceTree = "<group>";
		};
		27D4FB55295674BF00D24141 /* Preview Content */ = {
			isa = PBXGroup;
			children = (
				27D4FB56295674BF00D24141 /* Preview Assets.xcassets */,
			);
			path = "Preview Content";
			sourceTree = "<group>";
		};
		27D4FB5F295674BF00D24141 /* LittleLemonDinnerMenuTests */ = {
			isa = PBXGroup;
			children = (
				27D4FB60295674BF00D24141 /* LittleLemonDinnerMenuTests.swift */,
			);
			path = LittleLemonDinnerMenuTests;
			sourceTree = "<group>";
		};
		27D4FB69295674BF00D24141 /* LittleLemonDinnerMenuUITests */ = {
			isa = PBXGroup;
			children = (
				27D4FB6A295674BF00D24141 /* LittleLemonDinnerMenuUITests.swift */,
				27D4FB6C295674BF00D24141 /* LittleLemonDinnerMenuUITestsLaunchTests.swift */,
			);
			path = LittleLemonDinnerMenuUITests;
			sourceTree = "<group>";
		};
		27D4FB7B2956753100D24141 /* Views */ = {
			isa = PBXGroup;
			children = (
				27D4FB792956752C00D24141 /* MenuItemsView.swift */,
				27D4FB7C2956755400D24141 /* MenuItemsOptionView.swift */,
				27D4FB7E2956755E00D24141 /* MenuItemDetailsView.swift */,
				27D4FB51295674BE00D24141 /* ContentView.swift */,
			);
			path = Views;
			sourceTree = "<group>";
		};
		27D4FB8C2956B6FA00D24141 /* Models */ = {
			isa = PBXGroup;
			children = (
				27D4FB8A29568D6800D24141 /* SortMenuItems.swift */,
				27D4FB8229567F7A00D24141 /* Ingredient.swift */,
				27D4FB842956805700D24141 /* MenuItem.swift */,
				27D4FB8029567F3200D24141 /* MenuCategory.swift */,
				27D4FB882956814F00D24141 /* MenuViewModel.swift */,
			);
			path = Models;
			sourceTree = "<group>";
		};
/* End PBXGroup section */

/* Begin PBXNativeTarget section */
		27D4FB4B295674BE00D24141 /* LittleLemonDinnerMenu */ = {
			isa = PBXNativeTarget;
			buildConfigurationList = 27D4FB70295674BF00D24141 /* Build configuration list for PBXNativeTarget "LittleLemonDinnerMenu" */;
			buildPhases = (
				27D4FB48295674BE00D24141 /* Sources */,
				27D4FB49295674BE00D24141 /* Frameworks */,
				27D4FB4A295674BE00D24141 /* Resources */,
			);
			buildRules = (
			);
			dependencies = (
			);
			name = LittleLemonDinnerMenu;
			productName = LittleLemonDinnerMenu;
			productReference = 27D4FB4C295674BE00D24141 /* LittleLemonDinnerMenu.app */;
			productType = "com.apple.product-type.application";
		};
		27D4FB5B295674BF00D24141 /* LittleLemonDinnerMenuTests */ = {
			isa = PBXNativeTarget;
			buildConfigurationList = 27D4FB73295674BF00D24141 /* Build configuration list for PBXNativeTarget "LittleLemonDinnerMenuTests" */;
			buildPhases = (
				27D4FB58295674BF00D24141 /* Sources */,
				27D4FB59295674BF00D24141 /* Frameworks */,
				27D4FB5A295674BF00D24141 /* Resources */,
			);
			buildRules = (
			);
			dependencies = (
				27D4FB5E295674BF00D24141 /* PBXTargetDependency */,
			);
			name = LittleLemonDinnerMenuTests;
			productName = LittleLemonDinnerMenuTests;
			productReference = 27D4FB5C295674BF00D24141 /* LittleLemonDinnerMenuTests.xctest */;
			productType = "com.apple.product-type.bundle.unit-test";
		};
		27D4FB65295674BF00D24141 /* LittleLemonDinnerMenuUITests */ = {
			isa = PBXNativeTarget;
			buildConfigurationList = 27D4FB76295674BF00D24141 /* Build configuration list for PBXNativeTarget "LittleLemonDinnerMenuUITests" */;
			buildPhases = (
				27D4FB62295674BF00D24141 /* Sources */,
				27D4FB63295674BF00D24141 /* Frameworks */,
				27D4FB64295674BF00D24141 /* Resources */,
			);
			buildRules = (
			);
			dependencies = (
				27D4FB68295674BF00D24141 /* PBXTargetDependency */,
			);
			name = LittleLemonDinnerMenuUITests;
			productName = LittleLemonDinnerMenuUITests;
			productReference = 27D4FB66295674BF00D24141 /* LittleLemonDinnerMenuUITests.xctest */;
			productType = "com.apple.product-type.bundle.ui-testing";
		};
/* End PBXNativeTarget section */

/* Begin PBXProject section */
		27D4FB44295674BD00D24141 /* Project object */ = {
			isa = PBXProject;
			attributes = {
				BuildIndependentTargetsInParallel = 1;
				LastSwiftUpdateCheck = 1400;
				LastUpgradeCheck = 1400;
				TargetAttributes = {
					27D4FB4B295674BE00D24141 = {
						CreatedOnToolsVersion = 14.0.1;
					};
					27D4FB5B295674BF00D24141 = {
						CreatedOnToolsVersion = 14.0.1;
						TestTargetID = 27D4FB4B295674BE00D24141;
					};
					27D4FB65295674BF00D24141 = {
						CreatedOnToolsVersion = 14.0.1;
						TestTargetID = 27D4FB4B295674BE00D24141;
					};
				};
			};
			buildConfigurationList = 27D4FB47295674BD00D24141 /* Build configuration list for PBXProject "LittleLemonDinnerMenu" */;
			compatibilityVersion = "Xcode 14.0";
			developmentRegion = en;
			hasScannedForEncodings = 0;
			knownRegions = (
				en,
				Base,
			);
			mainGroup = 27D4FB43295674BD00D24141;
			productRefGroup = 27D4FB4D295674BE00D24141 /* Products */;
			projectDirPath = "";
			projectRoot = "";
			targets = (
				27D4FB4B295674BE00D24141 /* LittleLemonDinnerMenu */,
				27D4FB5B295674BF00D24141 /* LittleLemonDinnerMenuTests */,
				27D4FB65295674BF00D24141 /* LittleLemonDinnerMenuUITests */,
			);
		};
/* End PBXProject section */

/* Begin PBXResourcesBuildPhase section */
		27D4FB4A295674BE00D24141 /* Resources */ = {
			isa = PBXResourcesBuildPhase;
			buildActionMask = 2147483647;
			files = (
				27D4FB57295674BF00D24141 /* Preview Assets.xcassets in Resources */,
				27D4FB54295674BF00D24141 /* Assets.xcassets in Resources */,
			);
			runOnlyForDeploymentPostprocessing = 0;
		};
		27D4FB5A295674BF00D24141 /* Resources */ = {
			isa = PBXResourcesBuildPhase;
			buildActionMask = 2147483647;
			files = (
			);
			runOnlyForDeploymentPostprocessing = 0;
		};
		27D4FB64295674BF00D24141 /* Resources */ = {
			isa = PBXResourcesBuildPhase;
			buildActionMask = 2147483647;
			files = (
			);
			runOnlyForDeploymentPostprocessing = 0;
		};
/* End PBXResourcesBuildPhase section */

/* Begin PBXSourcesBuildPhase section */
		27D4FB48295674BE00D24141 /* Sources */ = {
			isa = PBXSourcesBuildPhase;
			buildActionMask = 2147483647;
			files = (
				27D4FB52295674BE00D24141 /* ContentView.swift in Sources */,
				27D4FB7A2956752C00D24141 /* MenuItemsView.swift in Sources */,
				27D4FB8329567F7A00D24141 /* Ingredient.swift in Sources */,
				27D4FB8B29568D6800D24141 /* SortMenuItems.swift in Sources */,
				27D4FB892956814F00D24141 /* MenuViewModel.swift in Sources */,
				27D4FB50295674BE00D24141 /* LittleLemonDinnerMenuApp.swift in Sources */,
				27D4FB7D2956755400D24141 /* MenuItemsOptionView.swift in Sources */,
				27D4FB852956805700D24141 /* MenuItem.swift in Sources */,
				27D4FB8129567F3200D24141 /* MenuCategory.swift in Sources */,
				27D4FB7F2956755E00D24141 /* MenuItemDetailsView.swift in Sources */,
			);
			runOnlyForDeploymentPostprocessing = 0;
		};
		27D4FB58295674BF00D24141 /* Sources */ = {
			isa = PBXSourcesBuildPhase;
			buildActionMask = 2147483647;
			files = (
				27D4FB61295674BF00D24141 /* LittleLemonDinnerMenuTests.swift in Sources */,
			);
			runOnlyForDeploymentPostprocessing = 0;
		};
		27D4FB62295674BF00D24141 /* Sources */ = {
			isa = PBXSourcesBuildPhase;
			buildActionMask = 2147483647;
			files = (
				27D4FB6B295674BF00D24141 /* LittleLemonDinnerMenuUITests.swift in Sources */,
				27D4FB6D295674BF00D24141 /* LittleLemonDinnerMenuUITestsLaunchTests.swift in Sources */,
			);
			runOnlyForDeploymentPostprocessing = 0;
		};
/* End PBXSourcesBuildPhase section */

/* Begin PBXTargetDependency section */
		27D4FB5E295674BF00D24141 /* PBXTargetDependency */ = {
			isa = PBXTargetDependency;
			target = 27D4FB4B295674BE00D24141 /* LittleLemonDinnerMenu */;
			targetProxy = 27D4FB5D295674BF00D24141 /* PBXContainerItemProxy */;
		};
		27D4FB68295674BF00D24141 /* PBXTargetDependency */ = {
			isa = PBXTargetDependency;
			target = 27D4FB4B295674BE00D24141 /* LittleLemonDinnerMenu */;
			targetProxy = 27D4FB67295674BF00D24141 /* PBXContainerItemProxy */;
		};
/* End PBXTargetDependency section */

/* Begin XCBuildConfiguration section */
		27D4FB6E295674BF00D24141 /* Debug */ = {
			isa = XCBuildConfiguration;
			buildSettings = {
				ALWAYS_SEARCH_USER_PATHS = NO;
				CLANG_ANALYZER_NONNULL = YES;
				CLANG_ANALYZER_NUMBER_OBJECT_CONVERSION = YES_AGGRESSIVE;
				CLANG_CXX_LANGUAGE_STANDARD = "gnu++20";
				CLANG_ENABLE_MODULES = YES;
				CLANG_ENABLE_OBJC_ARC = YES;
				CLANG_ENABLE_OBJC_WEAK = YES;
				CLANG_WARN_BLOCK_CAPTURE_AUTORELEASING = YES;
				CLANG_WARN_BOOL_CONVERSION = YES;
				CLANG_WARN_COMMA = YES;
				CLANG_WARN_CONSTANT_CONVERSION = YES;
				CLANG_WARN_DEPRECATED_OBJC_IMPLEMENTATIONS = YES;
				CLANG_WARN_DIRECT_OBJC_ISA_USAGE = YES_ERROR;
				CLANG_WARN_DOCUMENTATION_COMMENTS = YES;
				CLANG_WARN_EMPTY_BODY = YES;
				CLANG_WARN_ENUM_CONVERSION = YES;
				CLANG_WARN_INFINITE_RECURSION = YES;
				CLANG_WARN_INT_CONVERSION = YES;
				CLANG_WARN_NON_LITERAL_NULL_CONVERSION = YES;
				CLANG_WARN_OBJC_IMPLICIT_RETAIN_SELF = YES;
				CLANG_WARN_OBJC_LITERAL_CONVERSION = YES;
				CLANG_WARN_OBJC_ROOT_CLASS = YES_ERROR;
				CLANG_WARN_QUOTED_INCLUDE_IN_FRAMEWORK_HEADER = YES;
				CLANG_WARN_RANGE_LOOP_ANALYSIS = YES;
				CLANG_WARN_STRICT_PROTOTYPES = YES;
				CLANG_WARN_SUSPICIOUS_MOVE = YES;
				CLANG_WARN_UNGUARDED_AVAILABILITY = YES_AGGRESSIVE;
				CLANG_WARN_UNREACHABLE_CODE = YES;
				CLANG_WARN__DUPLICATE_METHOD_MATCH = YES;
				COPY_PHASE_STRIP = NO;
				DEBUG_INFORMATION_FORMAT = dwarf;
				ENABLE_STRICT_OBJC_MSGSEND = YES;
				ENABLE_TESTABILITY = YES;
				GCC_C_LANGUAGE_STANDARD = gnu11;
				GCC_DYNAMIC_NO_PIC = NO;
				GCC_NO_COMMON_BLOCKS = YES;
				GCC_OPTIMIZATION_LEVEL = 0;
				GCC_PREPROCESSOR_DEFINITIONS = (
					"DEBUG=1",
					"$(inherited)",
				);
				GCC_WARN_64_TO_32_BIT_CONVERSION = YES;
				GCC_WARN_ABOUT_RETURN_TYPE = YES_ERROR;
				GCC_WARN_UNDECLARED_SELECTOR = YES;
				GCC_WARN_UNINITIALIZED_AUTOS = YES_AGGRESSIVE;
				GCC_WARN_UNUSED_FUNCTION = YES;
				GCC_WARN_UNUSED_VARIABLE = YES;
				IPHONEOS_DEPLOYMENT_TARGET = 16.0;
				MTL_ENABLE_DEBUG_INFO = INCLUDE_SOURCE;
				MTL_FAST_MATH = YES;
				ONLY_ACTIVE_ARCH = YES;
				SDKROOT = iphoneos;
				SWIFT_ACTIVE_COMPILATION_CONDITIONS = DEBUG;
				SWIFT_OPTIMIZATION_LEVEL = "-Onone";
			};
			name = Debug;
		};
		27D4FB6F295674BF00D24141 /* Release */ = {
			isa = XCBuildConfiguration;
			buildSettings = {
				ALWAYS_SEARCH_USER_PATHS = NO;
				CLANG_ANALYZER_NONNULL = YES;
				CLANG_ANALYZER_NUMBER_OBJECT_CONVERSION = YES_AGGRESSIVE;
				CLANG_CXX_LANGUAGE_STANDARD = "gnu++20";
				CLANG_ENABLE_MODULES = YES;
				CLANG_ENABLE_OBJC_ARC = YES;
				CLANG_ENABLE_OBJC_WEAK = YES;
				CLANG_WARN_BLOCK_CAPTURE_AUTORELEASING = YES;
				CLANG_WARN_BOOL_CONVERSION = YES;
				CLANG_WARN_COMMA = YES;
				CLANG_WARN_CONSTANT_CONVERSION = YES;
				CLANG_WARN_DEPRECATED_OBJC_IMPLEMENTATIONS = YES;
				CLANG_WARN_DIRECT_OBJC_ISA_USAGE = YES_ERROR;
				CLANG_WARN_DOCUMENTATION_COMMENTS = YES;
				CLANG_WARN_EMPTY_BODY = YES;
				CLANG_WARN_ENUM_CONVERSION = YES;
				CLANG_WARN_INFINITE_RECURSION = YES;
				CLANG_WARN_INT_CONVERSION = YES;
				CLANG_WARN_NON_LITERAL_NULL_CONVERSION = YES;
				CLANG_WARN_OBJC_IMPLICIT_RETAIN_SELF = YES;
				CLANG_WARN_OBJC_LITERAL_CONVERSION = YES;
				CLANG_WARN_OBJC_ROOT_CLASS = YES_ERROR;
				CLANG_WARN_QUOTED_INCLUDE_IN_FRAMEWORK_HEADER = YES;
				CLANG_WARN_RANGE_LOOP_ANALYSIS = YES;
				CLANG_WARN_STRICT_PROTOTYPES = YES;
				CLANG_WARN_SUSPICIOUS_MOVE = YES;
				CLANG_WARN_UNGUARDED_AVAILABILITY = YES_AGGRESSIVE;
				CLANG_WARN_UNREACHABLE_CODE = YES;
				CLANG_WARN__DUPLICATE_METHOD_MATCH = YES;
				COPY_PHASE_STRIP = NO;
				DEBUG_INFORMATION_FORMAT = "dwarf-with-dsym";
				ENABLE_NS_ASSERTIONS = NO;
				ENABLE_STRICT_OBJC_MSGSEND = YES;
				GCC_C_LANGUAGE_STANDARD = gnu11;
				GCC_NO_COMMON_BLOCKS = YES;
				GCC_WARN_64_TO_32_BIT_CONVERSION = YES;
				GCC_WARN_ABOUT_RETURN_TYPE = YES_ERROR;
				GCC_WARN_UNDECLARED_SELECTOR = YES;
				GCC_WARN_UNINITIALIZED_AUTOS = YES_AGGRESSIVE;
				GCC_WARN_UNUSED_FUNCTION = YES;
				GCC_WARN_UNUSED_VARIABLE = YES;
				IPHONEOS_DEPLOYMENT_TARGET = 16.0;
				MTL_ENABLE_DEBUG_INFO = NO;
				MTL_FAST_MATH = YES;
				SDKROOT = iphoneos;
				SWIFT_COMPILATION_MODE = wholemodule;
				SWIFT_OPTIMIZATION_LEVEL = "-O";
				VALIDATE_PRODUCT = YES;
			};
			name = Release;
		};
		27D4FB71295674BF00D24141 /* Debug */ = {
			isa = XCBuildConfiguration;
			buildSettings = {
				ASSETCATALOG_COMPILER_APPICON_NAME = AppIcon;
				ASSETCATALOG_COMPILER_GLOBAL_ACCENT_COLOR_NAME = AccentColor;
				CODE_SIGN_STYLE = Automatic;
				CURRENT_PROJECT_VERSION = 1;
				DEVELOPMENT_ASSET_PATHS = "\"LittleLemonDinnerMenu/Preview Content\"";
				ENABLE_PREVIEWS = YES;
				GENERATE_INFOPLIST_FILE = YES;
				INFOPLIST_KEY_UIApplicationSceneManifest_Generation = YES;
				INFOPLIST_KEY_UIApplicationSupportsIndirectInputEvents = YES;
				INFOPLIST_KEY_UILaunchScreen_Generation = YES;
				INFOPLIST_KEY_UISupportedInterfaceOrientations_iPad = "UIInterfaceOrientationPortrait UIInterfaceOrientationPortraitUpsideDown UIInterfaceOrientationLandscapeLeft UIInterfaceOrientationLandscapeRight";
				INFOPLIST_KEY_UISupportedInterfaceOrientations_iPhone = "UIInterfaceOrientationPortrait UIInterfaceOrientationLandscapeLeft UIInterfaceOrientationLandscapeRight";
				LD_RUNPATH_SEARCH_PATHS = (
					"$(inherited)",
					"@executable_path/Frameworks",
				);
				MARKETING_VERSION = 1.0;
				PRODUCT_BUNDLE_IDENTIFIER = mraccoon.LittleLemonDinnerMenu;
				PRODUCT_NAME = "$(TARGET_NAME)";
				SWIFT_EMIT_LOC_STRINGS = YES;
				SWIFT_VERSION = 5.0;
				TARGETED_DEVICE_FAMILY = "1,2";
			};
			name = Debug;
		};
		27D4FB72295674BF00D24141 /* Release */ = {
			isa = XCBuildConfiguration;
			buildSettings = {
				ASSETCATALOG_COMPILER_APPICON_NAME = AppIcon;
				ASSETCATALOG_COMPILER_GLOBAL_ACCENT_COLOR_NAME = AccentColor;
				CODE_SIGN_STYLE = Automatic;
				CURRENT_PROJECT_VERSION = 1;
				DEVELOPMENT_ASSET_PATHS = "\"LittleLemonDinnerMenu/Preview Content\"";
				ENABLE_PREVIEWS = YES;
				GENERATE_INFOPLIST_FILE = YES;
				INFOPLIST_KEY_UIApplicationSceneManifest_Generation = YES;
				INFOPLIST_KEY_UIApplicationSupportsIndirectInputEvents = YES;
				INFOPLIST_KEY_UILaunchScreen_Generation = YES;
				INFOPLIST_KEY_UISupportedInterfaceOrientations_iPad = "UIInterfaceOrientationPortrait UIInterfaceOrientationPortraitUpsideDown UIInterfaceOrientationLandscapeLeft UIInterfaceOrientationLandscapeRight";
				INFOPLIST_KEY_UISupportedInterfaceOrientations_iPhone = "UIInterfaceOrientationPortrait UIInterfaceOrientationLandscapeLeft UIInterfaceOrientationLandscapeRight";
				LD_RUNPATH_SEARCH_PATHS = (
					"$(inherited)",
					"@executable_path/Frameworks",
				);
				MARKETING_VERSION = 1.0;
				PRODUCT_BUNDLE_IDENTIFIER = mraccoon.LittleLemonDinnerMenu;
				PRODUCT_NAME = "$(TARGET_NAME)";
				SWIFT_EMIT_LOC_STRINGS = YES;
				SWIFT_VERSION = 5.0;
				TARGETED_DEVICE_FAMILY = "1,2";
			};
			name = Release;
		};
		27D4FB74295674BF00D24141 /* Debug */ = {
			isa = XCBuildConfiguration;
			buildSettings = {
				ALWAYS_EMBED_SWIFT_STANDARD_LIBRARIES = YES;
				BUNDLE_LOADER = "$(TEST_HOST)";
				CODE_SIGN_STYLE = Automatic;
				CURRENT_PROJECT_VERSION = 1;
				GENERATE_INFOPLIST_FILE = YES;
				IPHONEOS_DEPLOYMENT_TARGET = 16.0;
				MARKETING_VERSION = 1.0;
				PRODUCT_BUNDLE_IDENTIFIER = mraccoon.LittleLemonDinnerMenuTests;
				PRODUCT_NAME = "$(TARGET_NAME)";
				SWIFT_EMIT_LOC_STRINGS = NO;
				SWIFT_VERSION = 5.0;
				TARGETED_DEVICE_FAMILY = "1,2";
				TEST_HOST = "$(BUILT_PRODUCTS_DIR)/LittleLemonDinnerMenu.app/$(BUNDLE_EXECUTABLE_FOLDER_PATH)/LittleLemonDinnerMenu";
			};
			name = Debug;
		};
		27D4FB75295674BF00D24141 /* Release */ = {
			isa = XCBuildConfiguration;
			buildSettings = {
				ALWAYS_EMBED_SWIFT_STANDARD_LIBRARIES = YES;
				BUNDLE_LOADER = "$(TEST_HOST)";
				CODE_SIGN_STYLE = Automatic;
				CURRENT_PROJECT_VERSION = 1;
				GENERATE_INFOPLIST_FILE = YES;
				IPHONEOS_DEPLOYMENT_TARGET = 16.0;
				MARKETING_VERSION = 1.0;
				PRODUCT_BUNDLE_IDENTIFIER = mraccoon.LittleLemonDinnerMenuTests;
				PRODUCT_NAME = "$(TARGET_NAME)";
				SWIFT_EMIT_LOC_STRINGS = NO;
				SWIFT_VERSION = 5.0;
				TARGETED_DEVICE_FAMILY = "1,2";
				TEST_HOST = "$(BUILT_PRODUCTS_DIR)/LittleLemonDinnerMenu.app/$(BUNDLE_EXECUTABLE_FOLDER_PATH)/LittleLemonDinnerMenu";
			};
			name = Release;
		};
		27D4FB77295674BF00D24141 /* Debug */ = {
			isa = XCBuildConfiguration;
			buildSettings = {
				ALWAYS_EMBED_SWIFT_STANDARD_LIBRARIES = YES;
				CODE_SIGN_STYLE = Automatic;
				CURRENT_PROJECT_VERSION = 1;
				GENERATE_INFOPLIST_FILE = YES;
				MARKETING_VERSION = 1.0;
				PRODUCT_BUNDLE_IDENTIFIER = mraccoon.LittleLemonDinnerMenuUITests;
				PRODUCT_NAME = "$(TARGET_NAME)";
				SWIFT_EMIT_LOC_STRINGS = NO;
				SWIFT_VERSION = 5.0;
				TARGETED_DEVICE_FAMILY = "1,2";
				TEST_TARGET_NAME = LittleLemonDinnerMenu;
			};
			name = Debug;
		};
		27D4FB78295674BF00D24141 /* Release */ = {
			isa = XCBuildConfiguration;
			buildSettings = {
				ALWAYS_EMBED_SWIFT_STANDARD_LIBRARIES = YES;
				CODE_SIGN_STYLE = Automatic;
				CURRENT_PROJECT_VERSION = 1;
				GENERATE_INFOPLIST_FILE = YES;
				MARKETING_VERSION = 1.0;
				PRODUCT_BUNDLE_IDENTIFIER = mraccoon.LittleLemonDinnerMenuUITests;
				PRODUCT_NAME = "$(TARGET_NAME)";
				SWIFT_EMIT_LOC_STRINGS = NO;
				SWIFT_VERSION = 5.0;
				TARGETED_DEVICE_FAMILY = "1,2";
				TEST_TARGET_NAME = LittleLemonDinnerMenu;
			};
			name = Release;
		};
/* End XCBuildConfiguration section */

/* Begin XCConfigurationList section */
		27D4FB47295674BD00D24141 /* Build configuration list for PBXProject "LittleLemonDinnerMenu" */ = {
			isa = XCConfigurationList;
			buildConfigurations = (
				27D4FB6E295674BF00D24141 /* Debug */,
				27D4FB6F295674BF00D24141 /* Release */,
			);
			defaultConfigurationIsVisible = 0;
			defaultConfigurationName = Release;
		};
		27D4FB70295674BF00D24141 /* Build configuration list for PBXNativeTarget "LittleLemonDinnerMenu" */ = {
			isa = XCConfigurationList;
			buildConfigurations = (
				27D4FB71295674BF00D24141 /* Debug */,
				27D4FB72295674BF00D24141 /* Release */,
			);
			defaultConfigurationIsVisible = 0;
			defaultConfigurationName = Release;
		};
		27D4FB73295674BF00D24141 /* Build configuration list for PBXNativeTarget "LittleLemonDinnerMenuTests" */ = {
			isa = XCConfigurationList;
			buildConfigurations = (
				27D4FB74295674BF00D24141 /* Debug */,
				27D4FB75295674BF00D24141 /* Release */,
			);
			defaultConfigurationIsVisible = 0;
			defaultConfigurationName = Release;
		};
		27D4FB76295674BF00D24141 /* Build configuration list for PBXNativeTarget "LittleLemonDinnerMenuUITests" */ = {
			isa = XCConfigurationList;
			buildConfigurations = (
				27D4FB77295674BF00D24141 /* Debug */,
				27D4FB78295674BF00D24141 /* Release */,
			);
			defaultConfigurationIsVisible = 0;
			defaultConfigurationName = Release;
		};
/* End XCConfigurationList section */
	};
	rootObject = 27D4FB44295674BD00D24141 /* Project object */;
}
